<?xml version="1.0" encoding="utf-8"?>
<Project ToolsVersion="4.0" xmlns="http://schemas.microsoft.com/developer/msbuild/2003">
  <ItemGroup>
    <Filter Include="Source Files">
      <UniqueIdentifier>{e927fb9f-122d-4c0c-887f-5d5394c1b190}</UniqueIdentifier>
    </Filter>
    <Filter Include="Header Files">
      <UniqueIdentifier>{1c764743-6f59-4074-b42d-968db2677e1d}</UniqueIdentifier>
    </Filter>
    <Filter Include="Header Files\User_Reports">
      <UniqueIdentifier>{b3004dd8-4082-41ae-9880-fb259953d0a5}</UniqueIdentifier>
    </Filter>
    <Filter Include="Common Files">
      <UniqueIdentifier>{77d2bba5-46d9-426e-907b-5a6674cf615e}</UniqueIdentifier>
    </Filter>
    <Filter Include="Common Files\win">
      <UniqueIdentifier>{0d6e65c5-331f-4980-81bb-09c3e5a3234e}</UniqueIdentifier>
    </Filter>
    <Filter Include="Common Files\User_Reports">
      <UniqueIdentifier>{e14f8019-1106-429d-a293-798da72f4cfa}</UniqueIdentifier>
    </Filter>
    <Filter Include="libs">
      <UniqueIdentifier>{afa94901-08b1-495a-8eae-46cebae3f31d}</UniqueIdentifier>
    </Filter>
    <Filter Include="libs\SDKs">
      <UniqueIdentifier>{328b54b9-dc6e-4658-8dc0-3185af0d859a}</UniqueIdentifier>
    </Filter>
    <Filter Include="libs\SDKs\lib">
      <UniqueIdentifier>{4f3cca66-060d-4562-a1d4-e6dff35af903}</UniqueIdentifier>
    </Filter>
    <Filter Include="libs\SDKs\lib\Win32">
      <UniqueIdentifier>{5c4fcc6c-4c91-4474-b8eb-98f37c00ccfe}</UniqueIdentifier>
    </Filter>
    <Filter Include="libs\Graphics">
      <UniqueIdentifier>{623cc5c2-78ef-4374-b9d0-8e87f46b1bc5}</UniqueIdentifier>
    </Filter>
    <Filter Include="libs\Graphics\lib">
      <UniqueIdentifier>{e8e77d19-d01e-42a9-b841-cb0e6025c259}</UniqueIdentifier>
    </Filter>
    <Filter Include="libs\Graphics\lib\win32">
      <UniqueIdentifier>{70057e0f-9a0a-4667-bf0c-3754ec7e32aa}</UniqueIdentifier>
    </Filter>
    <Filter Include="libs\Graphics\lib\win32\glut">
      <UniqueIdentifier>{88d2a400-e37b-4c9e-9cda-aa4e2f6281a5}</UniqueIdentifier>
    </Filter>
  </ItemGroup>
  <ItemGroup>
    <ClCompile Include="..\..\Lesson103\source\Lesson103.cpp">
      <Filter>Source Files</Filter>
    </ClCompile>
    <ClCompile Include="..\..\..\Shared_Source\DrawObjects.cpp">
      <Filter>Common Files</Filter>
    </ClCompile>
    <ClCompile Include="..\..\..\Shared_Source\GLFontRenderer.cpp">
      <Filter>Common Files</Filter>
    </ClCompile>
    <ClCompile Include="..\..\..\Shared_Source\HUD.cpp">
      <Filter>Common Files</Filter>
    </ClCompile>
    <ClCompile Include="..\..\..\Shared_Source\Stream.cpp">
      <Filter>Common Files</Filter>
    </ClCompile>
    <ClCompile Include="..\..\..\Shared_Source\win\MediaPath_WIN.cpp">
      <Filter>Common Files\win</Filter>
    </ClCompile>
    <ClCompile Include="..\..\..\Shared_Source\win\Timing_WIN.cpp">
      <Filter>Common Files\win</Filter>
    </ClCompile>
    <ClCompile Include="..\..\..\Shared_Source\User_Reports\DebugRenderer.cpp">
      <Filter>Common Files\User_Reports</Filter>
    </ClCompile>
  </ItemGroup>
  <ItemGroup>
    <ClInclude Include="..\..\..\Shared_Source\DrawObjects.h">
      <Filter>Header Files</Filter>
    </ClInclude>
    <ClInclude Include="..\..\..\Shared_Source\HUD.h">
      <Filter>Header Files</Filter>
    </ClInclude>
    <ClInclude Include="..\..\Lesson103\source\Lesson103.h">
      <Filter>Header Files</Filter>
    </ClInclude>
    <ClInclude Include="..\..\..\Shared_Source\User_Reports\DebugRenderer.h">
      <Filter>Header Files\User_Reports</Filter>
    </ClInclude>
  </ItemGroup>
  <ItemGroup>
    <Library Include="..\..\..\..\..\SDKs\lib\Win32\NxCharacter.lib">
      <Filter>libs\SDKs\lib\Win32</Filter>
    </Library>
    <Library Include="..\..\..\..\..\SDKs\lib\Win32\PhysXCooking.lib">
      <Filter>libs\SDKs\lib\Win32</Filter>
    </Library>
    <Library Include="..\..\..\..\..\SDKs\lib\Win32\PhysXLoader.lib">
      <Filter>libs\SDKs\lib\Win32</Filter>
    </Library>
    <Library Include="..\..\..\..\..\Graphics\lib\win32\glut\glut32.lib">
      <Filter>libs\Graphics\lib\win32\glut</Filter>
    </Library>
  </ItemGroup>
</Project>